// !$*UTF8*$!
{
	archiveVersion = 1;
	classes = {
	};
	objectVersion = 46;
	objects = {

/* Begin PBXBuildFile section */
		9965AFAD6E1490D79E9320EC /* Pods_apns_demo.framework in Frameworks */ = {isa = PBXBuildFile; fileRef = 610CFBB77F41A92BDA555CCC /* Pods_apns_demo.framework */; };
		CD9A1D331D507076008EA3E9 /* AppDelegate.swift in Sources */ = {isa = PBXBuildFile; fileRef = CD9A1D321D507076008EA3E9 /* AppDelegate.swift */; };
		CD9A1D361D507076008EA3E9 /* apns_demo.xcdatamodeld in Sources */ = {isa = PBXBuildFile; fileRef = CD9A1D341D507076008EA3E9 /* apns_demo.xcdatamodeld */; };
		CD9A1D381D507076008EA3E9 /* MasterViewController.swift in Sources */ = {isa = PBXBuildFile; fileRef = CD9A1D371D507076008EA3E9 /* MasterViewController.swift */; };
		CD9A1D3A1D507076008EA3E9 /* DetailViewController.swift in Sources */ = {isa = PBXBuildFile; fileRef = CD9A1D391D507076008EA3E9 /* DetailViewController.swift */; };
		CD9A1D3D1D507076008EA3E9 /* Main.storyboard in Resources */ = {isa = PBXBuildFile; fileRef = CD9A1D3B1D507076008EA3E9 /* Main.storyboard */; };
		CD9A1D3F1D507076008EA3E9 /* Assets.xcassets in Resources */ = {isa = PBXBuildFile; fileRef = CD9A1D3E1D507076008EA3E9 /* Assets.xcassets */; };
		CD9A1D421D507076008EA3E9 /* LaunchScreen.storyboard in Resources */ = {isa = PBXBuildFile; fileRef = CD9A1D401D507076008EA3E9 /* LaunchScreen.storyboard */; };
/* End PBXBuildFile section */

/* Begin PBXFileReference section */
		0A21C18A3CE58CBC4CA5D874 /* Pods-apns-demo.release.xcconfig */ = {isa = PBXFileReference; includeInIndex = 1; lastKnownFileType = text.xcconfig; name = "Pods-apns-demo.release.xcconfig"; path = "Pods/Target Support Files/Pods-apns-demo/Pods-apns-demo.release.xcconfig"; sourceTree = "<group>"; };
		610CFBB77F41A92BDA555CCC /* Pods_apns_demo.framework */ = {isa = PBXFileReference; explicitFileType = wrapper.framework; includeInIndex = 0; path = Pods_apns_demo.framework; sourceTree = BUILT_PRODUCTS_DIR; };
		CAC78059405CC6ECBED84DCE /* Pods-apns-demo.debug.xcconfig */ = {isa = PBXFileReference; includeInIndex = 1; lastKnownFileType = text.xcconfig; name = "Pods-apns-demo.debug.xcconfig"; path = "Pods/Target Support Files/Pods-apns-demo/Pods-apns-demo.debug.xcconfig"; sourceTree = "<group>"; };
		CD9A1D2F1D507076008EA3E9 /* apns-demo.app */ = {isa = PBXFileReference; explicitFileType = wrapper.application; includeInIndex = 0; path = "apns-demo.app"; sourceTree = BUILT_PRODUCTS_DIR; };
		CD9A1D321D507076008EA3E9 /* AppDelegate.swift */ = {isa = PBXFileReference; lastKnownFileType = sourcecode.swift; path = AppDelegate.swift; sourceTree = "<group>"; };
		CD9A1D351D507076008EA3E9 /* apns_demo.xcdatamodel */ = {isa = PBXFileReference; lastKnownFileType = wrapper.xcdatamodel; path = apns_demo.xcdatamodel; sourceTree = "<group>"; };
		CD9A1D371D507076008EA3E9 /* MasterViewController.swift */ = {isa = PBXFileReference; lastKnownFileType = sourcecode.swift; path = MasterViewController.swift; sourceTree = "<group>"; };
		CD9A1D391D507076008EA3E9 /* DetailViewController.swift */ = {isa = PBXFileReference; lastKnownFileType = sourcecode.swift; path = DetailViewController.swift; sourceTree = "<group>"; };
		CD9A1D3C1D507076008EA3E9 /* Base */ = {isa = PBXFileReference; lastKnownFileType = file.storyboard; name = Base; path = Base.lproj/Main.storyboard; sourceTree = "<group>"; };
		CD9A1D3E1D507076008EA3E9 /* Assets.xcassets */ = {isa = PBXFileReference; lastKnownFileType = folder.assetcatalog; path = Assets.xcassets; sourceTree = "<group>"; };
		CD9A1D411D507076008EA3E9 /* Base */ = {isa = PBXFileReference; lastKnownFileType = file.storyboard; name = Base; path = Base.lproj/LaunchScreen.storyboard; sourceTree = "<group>"; };
		CD9A1D431D507076008EA3E9 /* Info.plist */ = {isa = PBXFileReference; lastKnownFileType = text.plist.xml; path = Info.plist; sourceTree = "<group>"; };
/* End PBXFileReference section */

/* Begin PBXFrameworksBuildPhase section */
		CD9A1D2C1D507076008EA3E9 /* Frameworks */ = {
			isa = PBXFrameworksBuildPhase;
			buildActionMask = 2147483647;
			files = (
				9965AFAD6E1490D79E9320EC /* Pods_apns_demo.framework in Frameworks */,
			);
			runOnlyForDeploymentPostprocessing = 0;
		};
/* End PBXFrameworksBuildPhase section */

/* Begin PBXGroup section */
		CD9A1D261D507076008EA3E9 = {
			isa = PBXGroup;
			children = (
				CD9A1D311D507076008EA3E9 /* apns-demo */,
				CD9A1D301D507076008EA3E9 /* Products */,
				D4283608C603A8D956E3D34A /* Pods */,
				D9541D1EC0950B80FEC6872F /* Frameworks */,
			);
			sourceTree = "<group>";
		};
		CD9A1D301D507076008EA3E9 /* Products */ = {
			isa = PBXGroup;
			children = (
				CD9A1D2F1D507076008EA3E9 /* apns-demo.app */,
			);
			name = Products;
			sourceTree = "<group>";
		};
		CD9A1D311D507076008EA3E9 /* apns-demo */ = {
			isa = PBXGroup;
			children = (
				CD9A1D321D507076008EA3E9 /* AppDelegate.swift */,
				CD9A1D371D507076008EA3E9 /* MasterViewController.swift */,
				CD9A1D391D507076008EA3E9 /* DetailViewController.swift */,
				CD9A1D3B1D507076008EA3E9 /* Main.storyboard */,
				CD9A1D3E1D507076008EA3E9 /* Assets.xcassets */,
				CD9A1D401D507076008EA3E9 /* LaunchScreen.storyboard */,
				CD9A1D431D507076008EA3E9 /* Info.plist */,
				CD9A1D341D507076008EA3E9 /* apns_demo.xcdatamodeld */,
			);
			path = "apns-demo";
			sourceTree = "<group>";
		};
		D4283608C603A8D956E3D34A /* Pods */ = {
			isa = PBXGroup;
			children = (
				CAC78059405CC6ECBED84DCE /* Pods-apns-demo.debug.xcconfig */,
				0A21C18A3CE58CBC4CA5D874 /* Pods-apns-demo.release.xcconfig */,
			);
			name = Pods;
			sourceTree = "<group>";
		};
		D9541D1EC0950B80FEC6872F /* Frameworks */ = {
			isa = PBXGroup;
			children = (
				610CFBB77F41A92BDA555CCC /* Pods_apns_demo.framework */,
			);
			name = Frameworks;
			sourceTree = "<group>";
		};
/* End PBXGroup section */

/* Begin PBXNativeTarget section */
		CD9A1D2E1D507076008EA3E9 /* apns-demo */ = {
			isa = PBXNativeTarget;
			buildConfigurationList = CD9A1D461D507076008EA3E9 /* Build configuration list for PBXNativeTarget "apns-demo" */;
			buildPhases = (
				58848E9064F29D571C2374CD /* [CP] Check Pods Manifest.lock */,
				CD9A1D2B1D507076008EA3E9 /* Sources */,
				CD9A1D2C1D507076008EA3E9 /* Frameworks */,
				CD9A1D2D1D507076008EA3E9 /* Resources */,
				D3A6DDADF005B60472D6575D /* [CP] Embed Pods Frameworks */,
				A17DD5C837850C7A0A63D927 /* [CP] Copy Pods Resources */,
				CD3786481D52246D0070831F /* ShellScript */,
			);
			buildRules = (
			);
			dependencies = (
			);
			name = "apns-demo";
			productName = "apns-demo";
			productReference = CD9A1D2F1D507076008EA3E9 /* apns-demo.app */;
			productType = "com.apple.product-type.application";
		};
/* End PBXNativeTarget section */

/* Begin PBXProject section */
		CD9A1D271D507076008EA3E9 /* Project object */ = {
			isa = PBXProject;
			attributes = {
				LastSwiftUpdateCheck = 0730;
				LastUpgradeCheck = 0730;
				ORGANIZATIONNAME = "Gaurav Singh";
				TargetAttributes = {
					CD9A1D2E1D507076008EA3E9 = {
						CreatedOnToolsVersion = 7.3.1;
						DevelopmentTeam = 8GWRW3B7AB;
					};
				};
			};
			buildConfigurationList = CD9A1D2A1D507076008EA3E9 /* Build configuration list for PBXProject "apns-demo" */;
			compatibilityVersion = "Xcode 3.2";
			developmentRegion = English;
			hasScannedForEncodings = 0;
			knownRegions = (
				en,
				Base,
			);
			mainGroup = CD9A1D261D507076008EA3E9;
			productRefGroup = CD9A1D301D507076008EA3E9 /* Products */;
			projectDirPath = "";
			projectRoot = "";
			targets = (
				CD9A1D2E1D507076008EA3E9 /* apns-demo */,
			);
		};
/* End PBXProject section */

/* Begin PBXResourcesBuildPhase section */
		CD9A1D2D1D507076008EA3E9 /* Resources */ = {
			isa = PBXResourcesBuildPhase;
			buildActionMask = 2147483647;
			files = (
				CD9A1D421D507076008EA3E9 /* LaunchScreen.storyboard in Resources */,
				CD9A1D3F1D507076008EA3E9 /* Assets.xcassets in Resources */,
				CD9A1D3D1D507076008EA3E9 /* Main.storyboard in Resources */,
			);
			runOnlyForDeploymentPostprocessing = 0;
		};
/* End PBXResourcesBuildPhase section */

/* Begin PBXShellScriptBuildPhase section */
		58848E9064F29D571C2374CD /* [CP] Check Pods Manifest.lock */ = {
			isa = PBXShellScriptBuildPhase;
			buildActionMask = 2147483647;
			files = (
			);
			inputPaths = (
			);
			name = "[CP] Check Pods Manifest.lock";
			outputPaths = (
			);
			runOnlyForDeploymentPostprocessing = 0;
			shellPath = /bin/sh;
			shellScript = "diff \"${PODS_ROOT}/../Podfile.lock\" \"${PODS_ROOT}/Manifest.lock\" > /dev/null\nif [[ $? != 0 ]] ; then\n    cat << EOM\nerror: The sandbox is not in sync with the Podfile.lock. Run 'pod install' or update your CocoaPods installation.\nEOM\n    exit 1\nfi\n";
			showEnvVarsInLog = 0;
		};
		A17DD5C837850C7A0A63D927 /* [CP] Copy Pods Resources */ = {
			isa = PBXShellScriptBuildPhase;
			buildActionMask = 2147483647;
			files = (
			);
			inputPaths = (
			);
			name = "[CP] Copy Pods Resources";
			outputPaths = (
			);
			runOnlyForDeploymentPostprocessing = 0;
			shellPath = /bin/sh;
			shellScript = "\"${SRCROOT}/Pods/Target Support Files/Pods-apns-demo/Pods-apns-demo-resources.sh\"\n";
			showEnvVarsInLog = 0;
		};
		CD3786481D52246D0070831F /* ShellScript */ = {
			isa = PBXShellScriptBuildPhase;
			buildActionMask = 2147483647;
			files = (
			);
			inputPaths = (
			);
			outputPaths = (
			);
			runOnlyForDeploymentPostprocessing = 0;
			shellPath = /bin/sh;
			shellScript = "\"${PODS_ROOT}/Fabric/run\" 848fada6b0dfb520542dd10862bded38fddc9f83 bf35904c8d38bbc3f043b06b8e80a1eed9994ab6d439b24c3e1085d57792466e";
		};
		D3A6DDADF005B60472D6575D /* [CP] Embed Pods Frameworks */ = {
			isa = PBXShellScriptBuildPhase;
			buildActionMask = 2147483647;
			files = (
			);
			inputPaths = (
			);
			name = "[CP] Embed Pods Frameworks";
			outputPaths = (
			);
			runOnlyForDeploymentPostprocessing = 0;
			shellPath = /bin/sh;
			shellScript = "\"${SRCROOT}/Pods/Target Support Files/Pods-apns-demo/Pods-apns-demo-frameworks.sh\"\n";
			showEnvVarsInLog = 0;
		};
/* End PBXShellScriptBuildPhase section */

/* Begin PBXSourcesBuildPhase section */
		CD9A1D2B1D507076008EA3E9 /* Sources */ = {
			isa = PBXSourcesBuildPhase;
			buildActionMask = 2147483647;
			files = (
				CD9A1D361D507076008EA3E9 /* apns_demo.xcdatamodeld in Sources */,
				CD9A1D331D507076008EA3E9 /* AppDelegate.swift in Sources */,
				CD9A1D381D507076008EA3E9 /* MasterViewController.swift in Sources */,
				CD9A1D3A1D507076008EA3E9 /* DetailViewController.swift in Sources */,
			);
			runOnlyForDeploymentPostprocessing = 0;
		};
/* End PBXSourcesBuildPhase section */

/* Begin PBXVariantGroup section */
		CD9A1D3B1D507076008EA3E9 /* Main.storyboard */ = {
			isa = PBXVariantGroup;
			children = (
				CD9A1D3C1D507076008EA3E9 /* Base */,
			);
			name = Main.storyboard;
			sourceTree = "<group>";
		};
		CD9A1D401D507076008EA3E9 /* LaunchScreen.storyboard */ = {
			isa = PBXVariantGroup;
			children = (
				CD9A1D411D507076008EA3E9 /* Base */,
			);
			name = LaunchScreen.storyboard;
			sourceTree = "<group>";
		};
/* End PBXVariantGroup section */

/* Begin XCBuildConfiguration section */
		CD9A1D441D507076008EA3E9 /* Debug */ = {
			isa = XCBuildConfiguration;
			buildSettings = {
				ALWAYS_SEARCH_USER_PATHS = NO;
				CLANG_ANALYZER_NONNULL = YES;
				CLANG_CXX_LANGUAGE_STANDARD = "gnu++0x";
				CLANG_CXX_LIBRARY = "libc++";
				CLANG_ENABLE_MODULES = YES;
				CLANG_ENABLE_OBJC_ARC = YES;
				CLANG_WARN_BOOL_CONVERSION = YES;
				CLANG_WARN_CONSTANT_CONVERSION = YES;
				CLANG_WARN_DIRECT_OBJC_ISA_USAGE = YES_ERROR;
				CLANG_WARN_EMPTY_BODY = YES;
				CLANG_WARN_ENUM_CONVERSION = YES;
				CLANG_WARN_INT_CONVERSION = YES;
				CLANG_WARN_OBJC_ROOT_CLASS = YES_ERROR;
				CLANG_WARN_UNREACHABLE_CODE = YES;
				CLANG_WARN__DUPLICATE_METHOD_MATCH = YES;
				"CODE_SIGN_IDENTITY[sdk=iphoneos*]" = "iPhone Developer";
				COPY_PHASE_STRIP = NO;
				DEBUG_INFORMATION_FORMAT = dwarf;
				ENABLE_STRICT_OBJC_MSGSEND = YES;
				ENABLE_TESTABILITY = YES;
				GCC_C_LANGUAGE_STANDARD = gnu99;
				GCC_DYNAMIC_NO_PIC = NO;
				GCC_NO_COMMON_BLOCKS = YES;
				GCC_OPTIMIZATION_LEVEL = 0;
				GCC_PREPROCESSOR_DEFINITIONS = (
					"DEBUG=1",
					"$(inherited)",
				);
				GCC_WARN_64_TO_32_BIT_CONVERSION = YES;
				GCC_WARN_ABOUT_RETURN_TYPE = YES_ERROR;
				GCC_WARN_UNDECLARED_SELECTOR = YES;
				GCC_WARN_UNINITIALIZED_AUTOS = YES_AGGRESSIVE;
				GCC_WARN_UNUSED_FUNCTION = YES;
				GCC_WARN_UNUSED_VARIABLE = YES;
				IPHONEOS_DEPLOYMENT_TARGET = 9.3;
				MTL_ENABLE_DEBUG_INFO = YES;
				ONLY_ACTIVE_ARCH = YES;
				SDKROOT = iphoneos;
				SWIFT_OPTIMIZATION_LEVEL = "-Onone";
				TARGETED_DEVICE_FAMILY = "1,2";
			};
			name = Debug;
		};
		CD9A1D451D507076008EA3E9 /* Release */ = {
			isa = XCBuildConfiguration;
			buildSettings = {
				ALWAYS_SEARCH_USER_PATHS = NO;
				CLANG_ANALYZER_NONNULL = YES;
				CLANG_CXX_LANGUAGE_STANDARD = "gnu++0x";
				CLANG_CXX_LIBRARY = "libc++";
				CLANG_ENABLE_MODULES = YES;
				CLANG_ENABLE_OBJC_ARC = YES;
				CLANG_WARN_BOOL_CONVERSION = YES;
				CLANG_WARN_CONSTANT_CONVERSION = YES;
				CLANG_WARN_DIRECT_OBJC_ISA_USAGE = YES_ERROR;
				CLANG_WARN_EMPTY_BODY = YES;
				CLANG_WARN_ENUM_CONVERSION = YES;
				CLANG_WARN_INT_CONVERSION = YES;
				CLANG_WARN_OBJC_ROOT_CLASS = YES_ERROR;
				CLANG_WARN_UNREACHABLE_CODE = YES;
				CLANG_WARN__DUPLICATE_METHOD_MATCH = YES;
				"CODE_SIGN_IDENTITY[sdk=iphoneos*]" = "iPhone Developer";
				COPY_PHASE_STRIP = NO;
				DEBUG_INFORMATION_FORMAT = "dwarf-with-dsym";
				ENABLE_NS_ASSERTIONS = NO;
				ENABLE_STRICT_OBJC_MSGSEND = YES;
				GCC_C_LANGUAGE_STANDARD = gnu99;
				GCC_NO_COMMON_BLOCKS = YES;
				GCC_WARN_64_TO_32_BIT_CONVERSION = YES;
				GCC_WARN_ABOUT_RETURN_TYPE = YES_ERROR;
				GCC_WARN_UNDECLARED_SELECTOR = YES;
				GCC_WARN_UNINITIALIZED_AUTOS = YES_AGGRESSIVE;
				GCC_WARN_UNUSED_FUNCTION = YES;
				GCC_WARN_UNUSED_VARIABLE = YES;
				IPHONEOS_DEPLOYMENT_TARGET = 9.3;
				MTL_ENABLE_DEBUG_INFO = NO;
				SDKROOT = iphoneos;
				TARGETED_DEVICE_FAMILY = "1,2";
				VALIDATE_PRODUCT = YES;
			};
			name = Release;
		};
		CD9A1D471D507076008EA3E9 /* Debug */ = {
			isa = XCBuildConfiguration;
			baseConfigurationReference = CAC78059405CC6ECBED84DCE /* Pods-apns-demo.debug.xcconfig */;
			buildSettings = {
				ASSETCATALOG_COMPILER_APPICON_NAME = AppIcon;
				CODE_SIGN_IDENTITY = "iPhone Developer: Gaurav Singh (F99PP32T5F)";
				"CODE_SIGN_IDENTITY[sdk=iphoneos*]" = "iPhone Developer: Gaurav Singh (F99PP32T5F)";
				INFOPLIST_FILE = "apns-demo/Info.plist";
				LD_RUNPATH_SEARCH_PATHS = "$(inherited) @executable_path/Frameworks";
				PRODUCT_BUNDLE_IDENTIFIER = com.typtap;
				PRODUCT_NAME = "$(TARGET_NAME)";
				PROVISIONING_PROFILE = "1bdd1cce-7104-4ba2-b1a7-e527640ebdd4";
			};
			name = Debug;
		};
		CD9A1D481D507076008EA3E9 /* Release */ = {
			isa = XCBuildConfiguration;
			baseConfigurationReference = 0A21C18A3CE58CBC4CA5D874 /* Pods-apns-demo.release.xcconfig */;
			buildSettings = {
				ASSETCATALOG_COMPILER_APPICON_NAME = AppIcon;
				CODE_SIGN_IDENTITY = "iPhone Developer: Gaurav Singh (F99PP32T5F)";
				"CODE_SIGN_IDENTITY[sdk=iphoneos*]" = "iPhone Developer: Gaurav Singh (F99PP32T5F)";
				INFOPLIST_FILE = "apns-demo/Info.plist";
				LD_RUNPATH_SEARCH_PATHS = "$(inherited) @executable_path/Frameworks";
				PRODUCT_BUNDLE_IDENTIFIER = com.typtap;
				PRODUCT_NAME = "$(TARGET_NAME)";
				PROVISIONING_PROFILE = "1bdd1cce-7104-4ba2-b1a7-e527640ebdd4";
			};
			name = Release;
		};
/* End XCBuildConfiguration section */

/* Begin XCConfigurationList section */
		CD9A1D2A1D507076008EA3E9 /* Build configuration list for PBXProject "apns-demo" */ = {
			isa = XCConfigurationList;
			buildConfigurations = (
				CD9A1D441D507076008EA3E9 /* Debug */,
				CD9A1D451D507076008EA3E9 /* Release */,
			);
			defaultConfigurationIsVisible = 0;
			defaultConfigurationName = Release;
		};
		CD9A1D461D507076008EA3E9 /* Build configuration list for PBXNativeTarget "apns-demo" */ = {
			isa = XCConfigurationList;
			buildConfigurations = (
				CD9A1D471D507076008EA3E9 /* Debug */,
				CD9A1D481D507076008EA3E9 /* Release */,
			);
			defaultConfigurationIsVisible = 0;
			defaultConfigurationName = Release;
		};
/* End XCConfigurationList section */

/* Begin XCVersionGroup section */
		CD9A1D341D507076008EA3E9 /* apns_demo.xcdatamodeld */ = {
			isa = XCVersionGroup;
			children = (
				CD9A1D351D507076008EA3E9 /* apns_demo.xcdatamodel */,
			);
			currentVersion = CD9A1D351D507076008EA3E9 /* apns_demo.xcdatamodel */;
			path = apns_demo.xcdatamodeld;
			sourceTree = "<group>";
			versionGroupType = wrapper.xcdatamodel;
		};
/* End XCVersionGroup section */
	};
	rootObject = CD9A1D271D507076008EA3E9 /* Project object */;
}
